
Microsoft Visual Studio Solution File, Format Version 12.00
# Visual Studio Version 17
VisualStudioVersion = 17.7.34031.279
MinimumVisualStudioVersion = 10.0.40219.1
Project("{9A19103F-16F7-4668-BE54-9A1E7A4F7556}") = "WpfApp1", "WpfApp1\WpfApp1.csproj", "{3C6628D1-F2EE-413E-B7F8-BB9982631F75}"
EndProject
Project("{9A19103F-16F7-4668-BE54-9A1E7A4F7556}") = "Data", "Data\Data.csproj", "{70300264-1A89-4CBA-9C9D-07C5C45EC5BF}"
EndProject
Project("{9A19103F-16F7-4668-BE54-9A1E7A4F7556}") = "Business", "Business\Business.csproj", "{1820F33D-1BC0-4602-BE46-198C3D36C1A9}"
EndProject
Project("{9A19103F-16F7-4668-BE54-9A1E7A4F7556}") = "Entity", "Entity\Entity.csproj", "{208599A8-9C59-49B5-99B8-BE40C8C2CB80}"
EndProject
Project("{9A19103F-16F7-4668-BE54-9A1E7A4F7556}") = "Web", "Web\Web.csproj", "{E227C968-1552-4022-9441-56BCC0F6C53F}"
EndProject
Global
	GlobalSection(SolutionConfigurationPlatforms) = preSolution
		Debug|Any CPU = Debug|Any CPU
		Release|Any CPU = Release|Any CPU
	EndGlobalSection
	GlobalSection(ProjectConfigurationPlatforms) = postSolution
		{3C6628D1-F2EE-413E-B7F8-BB9982631F75}.Debug|Any CPU.ActiveCfg = Debug|Any CPU
		{3C6628D1-F2EE-413E-B7F8-BB9982631F75}.Debug|Any CPU.Build.0 = Debug|Any CPU
		{3C6628D1-F2EE-413E-B7F8-BB9982631F75}.Release|Any CPU.ActiveCfg = Release|Any CPU
		{3C6628D1-F2EE-413E-B7F8-BB9982631F75}.Release|Any CPU.Build.0 = Release|Any CPU
		{70300264-1A89-4CBA-9C9D-07C5C45EC5BF}.Debug|Any CPU.ActiveCfg = Debug|Any CPU
		{70300264-1A89-4CBA-9C9D-07C5C45EC5BF}.Debug|Any CPU.Build.0 = Debug|Any CPU
		{70300264-1A89-4CBA-9C9D-07C5C45EC5BF}.Release|Any CPU.ActiveCfg = Release|Any CPU
		{70300264-1A89-4CBA-9C9D-07C5C45EC5BF}.Release|Any CPU.Build.0 = Release|Any CPU
		{1820F33D-1BC0-4602-BE46-198C3D36C1A9}.Debug|Any CPU.ActiveCfg = Debug|Any CPU
		{1820F33D-1BC0-4602-BE46-198C3D36C1A9}.Debug|Any CPU.Build.0 = Debug|Any CPU
		{1820F33D-1BC0-4602-BE46-198C3D36C1A9}.Release|Any CPU.ActiveCfg = Release|Any CPU
		{1820F33D-1BC0-4602-BE46-198C3D36C1A9}.Release|Any CPU.Build.0 = Release|Any CPU
		{208599A8-9C59-49B5-99B8-BE40C8C2CB80}.Debug|Any CPU.ActiveCfg = Debug|Any CPU
		{208599A8-9C59-49B5-99B8-BE40C8C2CB80}.Debug|Any CPU.Build.0 = Debug|Any CPU
		{208599A8-9C59-49B5-99B8-BE40C8C2CB80}.Release|Any CPU.ActiveCfg = Release|Any CPU
		{208599A8-9C59-49B5-99B8-BE40C8C2CB80}.Release|Any CPU.Build.0 = Release|Any CPU
		{E227C968-1552-4022-9441-56BCC0F6C53F}.Debug|Any CPU.ActiveCfg = Debug|Any CPU
		{E227C968-1552-4022-9441-56BCC0F6C53F}.Debug|Any CPU.Build.0 = Debug|Any CPU
		{E227C968-1552-4022-9441-56BCC0F6C53F}.Release|Any CPU.ActiveCfg = Release|Any CPU
		{E227C968-1552-4022-9441-56BCC0F6C53F}.Release|Any CPU.Build.0 = Release|Any CPU
	EndGlobalSection
	GlobalSection(SolutionProperties) = preSolution
		HideSolutionNode = FALSE
	EndGlobalSection
	GlobalSection(ExtensibilityGlobals) = postSolution
		SolutionGuid = {B30E52A6-0882-4BA0-8A0A-98EEF2AE94D5}
	EndGlobalSection
EndGlobal
